{
  "name": "rentsplit-api",
  "version": "1.0.0",
  "lockfileVersion": 3,
  "requires": true,
  "packages": {
    "": {
      "name": "rentsplit-api",
      "version": "1.0.0",
      "license": "MIT",
      "bin": {
        "rentsplit": "bin/rentsplit.js"
      },
      "engines": {
        "node": ">=22.12.0"
      }
    }
  }
}
